// !$*UTF8*$!
{
	archiveVersion = 1;
	classes = {
	};
	objectVersion = 55;
	objects = {

/* Begin PBXBuildFile section */
		8A3365932831360C00F3955B /* CoordinateModel.swift in Sources */ = {isa = PBXBuildFile; fileRef = 8A3365922831360C00F3955B /* CoordinateModel.swift */; };
		8A3365952831362000F3955B /* NetworkManager.swift in Sources */ = {isa = PBXBuildFile; fileRef = 8A3365942831362000F3955B /* NetworkManager.swift */; };
		8A48D3652830EC46009F746F /* AppDelegate.swift in Sources */ = {isa = PBXBuildFile; fileRef = 8A48D3642830EC46009F746F /* AppDelegate.swift */; };
		8A48D3672830EC46009F746F /* SceneDelegate.swift in Sources */ = {isa = PBXBuildFile; fileRef = 8A48D3662830EC46009F746F /* SceneDelegate.swift */; };
		8A48D36E2830EC49009F746F /* Assets.xcassets in Resources */ = {isa = PBXBuildFile; fileRef = 8A48D36D2830EC49009F746F /* Assets.xcassets */; };
		8A48D3712830EC49009F746F /* LaunchScreen.storyboard in Resources */ = {isa = PBXBuildFile; fileRef = 8A48D36F2830EC49009F746F /* LaunchScreen.storyboard */; };
		8A48D3862830EC49009F746F /* WaasduUITests.swift in Sources */ = {isa = PBXBuildFile; fileRef = 8A48D3852830EC49009F746F /* WaasduUITests.swift */; };
		8A48D3882830EC49009F746F /* WaasduUITestsLaunchTests.swift in Sources */ = {isa = PBXBuildFile; fileRef = 8A48D3872830EC49009F746F /* WaasduUITestsLaunchTests.swift */; };
		8A48D39B2830ECAC009F746F /* CoordinatePresenter.swift in Sources */ = {isa = PBXBuildFile; fileRef = 8A48D3952830ECAC009F746F /* CoordinatePresenter.swift */; };
		8A48D39E2830ECAC009F746F /* CoordinateModels.swift in Sources */ = {isa = PBXBuildFile; fileRef = 8A48D3982830ECAC009F746F /* CoordinateModels.swift */; };
		8A48D39F2830ECAC009F746F /* CoordinateViewController.swift in Sources */ = {isa = PBXBuildFile; fileRef = 8A48D3992830ECAC009F746F /* CoordinateViewController.swift */; };
		8A48D3A02830ECAC009F746F /* CoordinateInteractor.swift in Sources */ = {isa = PBXBuildFile; fileRef = 8A48D39A2830ECAC009F746F /* CoordinateInteractor.swift */; };
		8AFE5EFE2833944C003D342B /* WassduTests.swift in Sources */ = {isa = PBXBuildFile; fileRef = 8AFE5EFD2833944C003D342B /* WassduTests.swift */; };
/* End PBXBuildFile section */

/* Begin PBXContainerItemProxy section */
		8A48D3782830EC49009F746F /* PBXContainerItemProxy */ = {
			isa = PBXContainerItemProxy;
			containerPortal = 8A48D3592830EC46009F746F /* Project object */;
			proxyType = 1;
			remoteGlobalIDString = 8A48D3602830EC46009F746F;
			remoteInfo = Waasdu;
		};
		8A48D3822830EC49009F746F /* PBXContainerItemProxy */ = {
			isa = PBXContainerItemProxy;
			containerPortal = 8A48D3592830EC46009F746F /* Project object */;
			proxyType = 1;
			remoteGlobalIDString = 8A48D3602830EC46009F746F;
			remoteInfo = Waasdu;
		};
/* End PBXContainerItemProxy section */

/* Begin PBXFileReference section */
		8A0E36D8283395C600779321 /* Waasdu.app */ = {isa = PBXFileReference; explicitFileType = wrapper.application; includeInIndex = 0; name = Waasdu.app; path = "/Users/alexey/Documents/Waasdu/build/Debug-iphoneos/Waasdu.app"; sourceTree = "<absolute>"; };
		8A0E36D9283395C600779321 /* WaasduTests.xctest */ = {isa = PBXFileReference; explicitFileType = wrapper.cfbundle; includeInIndex = 0; name = WaasduTests.xctest; path = "/Users/alexey/Documents/Waasdu/build/Debug-iphoneos/WaasduTests.xctest"; sourceTree = "<absolute>"; };
		8A0E36DA283395C600779321 /* WaasduUITests.xctest */ = {isa = PBXFileReference; explicitFileType = wrapper.cfbundle; includeInIndex = 0; name = WaasduUITests.xctest; path = "/Users/alexey/Documents/Waasdu/build/Debug-iphoneos/WaasduUITests.xctest"; sourceTree = "<absolute>"; };
		8A0E36DB283395C600779321 /* CoordinateTest.xctest */ = {isa = PBXFileReference; explicitFileType = wrapper.cfbundle; includeInIndex = 0; name = CoordinateTest.xctest; path = /Users/alexey/Documents/Waasdu/build/Debug/CoordinateTest.xctest; sourceTree = "<absolute>"; };
		8A3365922831360C00F3955B /* CoordinateModel.swift */ = {isa = PBXFileReference; fileEncoding = 4; lastKnownFileType = sourcecode.swift; path = CoordinateModel.swift; sourceTree = "<group>"; };
		8A3365942831362000F3955B /* NetworkManager.swift */ = {isa = PBXFileReference; fileEncoding = 4; lastKnownFileType = sourcecode.swift; path = NetworkManager.swift; sourceTree = "<group>"; };
		8A48D3642830EC46009F746F /* AppDelegate.swift */ = {isa = PBXFileReference; lastKnownFileType = sourcecode.swift; path = AppDelegate.swift; sourceTree = "<group>"; };
		8A48D3662830EC46009F746F /* SceneDelegate.swift */ = {isa = PBXFileReference; lastKnownFileType = sourcecode.swift; path = SceneDelegate.swift; sourceTree = "<group>"; };
		8A48D36D2830EC49009F746F /* Assets.xcassets */ = {isa = PBXFileReference; lastKnownFileType = folder.assetcatalog; path = Assets.xcassets; sourceTree = "<group>"; };
		8A48D3702830EC49009F746F /* Base */ = {isa = PBXFileReference; lastKnownFileType = file.storyboard; name = Base; path = Base.lproj/LaunchScreen.storyboard; sourceTree = "<group>"; };
		8A48D3722830EC49009F746F /* Info.plist */ = {isa = PBXFileReference; lastKnownFileType = text.plist.xml; path = Info.plist; sourceTree = "<group>"; };
		8A48D3852830EC49009F746F /* WaasduUITests.swift */ = {isa = PBXFileReference; lastKnownFileType = sourcecode.swift; path = WaasduUITests.swift; sourceTree = "<group>"; };
		8A48D3872830EC49009F746F /* WaasduUITestsLaunchTests.swift */ = {isa = PBXFileReference; lastKnownFileType = sourcecode.swift; path = WaasduUITestsLaunchTests.swift; sourceTree = "<group>"; };
		8A48D3952830ECAC009F746F /* CoordinatePresenter.swift */ = {isa = PBXFileReference; lastKnownFileType = sourcecode.swift; path = CoordinatePresenter.swift; sourceTree = "<group>"; };
		8A48D3982830ECAC009F746F /* CoordinateModels.swift */ = {isa = PBXFileReference; lastKnownFileType = sourcecode.swift; path = CoordinateModels.swift; sourceTree = "<group>"; };
		8A48D3992830ECAC009F746F /* CoordinateViewController.swift */ = {isa = PBXFileReference; lastKnownFileType = sourcecode.swift; path = CoordinateViewController.swift; sourceTree = "<group>"; };
		8A48D39A2830ECAC009F746F /* CoordinateInteractor.swift */ = {isa = PBXFileReference; lastKnownFileType = sourcecode.swift; path = CoordinateInteractor.swift; sourceTree = "<group>"; };
		8AFE5EFB283393FC003D342B /* README.md */ = {isa = PBXFileReference; lastKnownFileType = net.daringfireball.markdown; path = README.md; sourceTree = "<group>"; };
		8AFE5EFD2833944C003D342B /* WassduTests.swift */ = {isa = PBXFileReference; lastKnownFileType = sourcecode.swift; path = WassduTests.swift; sourceTree = "<group>"; };
/* End PBXFileReference section */

/* Begin PBXFrameworksBuildPhase section */
		8A48D35E2830EC46009F746F /* Frameworks */ = {
			isa = PBXFrameworksBuildPhase;
			buildActionMask = 2147483647;
			files = (
			);
			runOnlyForDeploymentPostprocessing = 0;
		};
		8A48D3742830EC49009F746F /* Frameworks */ = {
			isa = PBXFrameworksBuildPhase;
			buildActionMask = 2147483647;
			files = (
			);
			runOnlyForDeploymentPostprocessing = 0;
		};
		8A48D37E2830EC49009F746F /* Frameworks */ = {
			isa = PBXFrameworksBuildPhase;
			buildActionMask = 2147483647;
			files = (
			);
			runOnlyForDeploymentPostprocessing = 0;
		};
		8AE95E16283261530035CCDB /* Frameworks */ = {
			isa = PBXFrameworksBuildPhase;
			buildActionMask = 2147483647;
			files = (
			);
			runOnlyForDeploymentPostprocessing = 0;
		};
/* End PBXFrameworksBuildPhase section */

/* Begin PBXGroup section */
		8A48D3582830EC46009F746F = {
			isa = PBXGroup;
			children = (
				8AFE5EFB283393FC003D342B /* README.md */,
				8A48D3632830EC46009F746F /* Waasdu */,
				8A48D37A2830EC49009F746F /* WaasduTests */,
				8A48D3842830EC49009F746F /* WaasduUITests */,
			);
			sourceTree = "<group>";
		};
		8A48D3632830EC46009F746F /* Waasdu */ = {
			isa = PBXGroup;
			children = (
				8A48D3642830EC46009F746F /* AppDelegate.swift */,
				8A48D36D2830EC49009F746F /* Assets.xcassets */,
				8A3365922831360C00F3955B /* CoordinateModel.swift */,
				8A48D3722830EC49009F746F /* Info.plist */,
				8A48D36F2830EC49009F746F /* LaunchScreen.storyboard */,
				8A3365942831362000F3955B /* NetworkManager.swift */,
				8A48D3942830EC8F009F746F /* Scene */,
				8A48D3662830EC46009F746F /* SceneDelegate.swift */,
			);
			path = Waasdu;
			sourceTree = "<group>";
		};
		8A48D37A2830EC49009F746F /* WaasduTests */ = {
			isa = PBXGroup;
			children = (
				8AFE5EFD2833944C003D342B /* WassduTests.swift */,
			);
			path = WaasduTests;
			sourceTree = "<group>";
		};
		8A48D3842830EC49009F746F /* WaasduUITests */ = {
			isa = PBXGroup;
			children = (
				8A48D3852830EC49009F746F /* WaasduUITests.swift */,
				8A48D3872830EC49009F746F /* WaasduUITestsLaunchTests.swift */,
			);
			path = WaasduUITests;
			sourceTree = "<group>";
		};
		8A48D3942830EC8F009F746F /* Scene */ = {
			isa = PBXGroup;
			children = (
				8A48D3952830ECAC009F746F /* CoordinatePresenter.swift */,
				8A48D3982830ECAC009F746F /* CoordinateModels.swift */,
				8A48D3992830ECAC009F746F /* CoordinateViewController.swift */,
				8A48D39A2830ECAC009F746F /* CoordinateInteractor.swift */,
			);
			path = Scene;
			sourceTree = "<group>";
		};
/* End PBXGroup section */

/* Begin PBXNativeTarget section */
		8A48D3602830EC46009F746F /* Waasdu */ = {
			isa = PBXNativeTarget;
			buildConfigurationList = 8A48D38B2830EC49009F746F /* Build configuration list for PBXNativeTarget "Waasdu" */;
			buildPhases = (
				8A48D35D2830EC46009F746F /* Sources */,
				8A48D35E2830EC46009F746F /* Frameworks */,
				8A48D35F2830EC46009F746F /* Resources */,
			);
			buildRules = (
			);
			dependencies = (
			);
			name = Waasdu;
			productName = Waasdu;
			productReference = 8A0E36D8283395C600779321 /* Waasdu.app */;
			productType = "com.apple.product-type.application";
		};
		8A48D3762830EC49009F746F /* WaasduTests */ = {
			isa = PBXNativeTarget;
			buildConfigurationList = 8A48D38E2830EC49009F746F /* Build configuration list for PBXNativeTarget "WaasduTests" */;
			buildPhases = (
				8A48D3732830EC49009F746F /* Sources */,
				8A48D3742830EC49009F746F /* Frameworks */,
				8A48D3752830EC49009F746F /* Resources */,
			);
			buildRules = (
			);
			dependencies = (
				8A48D3792830EC49009F746F /* PBXTargetDependency */,
			);
			name = WaasduTests;
			productName = WaasduTests;
			productReference = 8A0E36D9283395C600779321 /* WaasduTests.xctest */;
			productType = "com.apple.product-type.bundle.unit-test";
		};
		8A48D3802830EC49009F746F /* WaasduUITests */ = {
			isa = PBXNativeTarget;
			buildConfigurationList = 8A48D3912830EC49009F746F /* Build configuration list for PBXNativeTarget "WaasduUITests" */;
			buildPhases = (
				8A48D37D2830EC49009F746F /* Sources */,
				8A48D37E2830EC49009F746F /* Frameworks */,
				8A48D37F2830EC49009F746F /* Resources */,
			);
			buildRules = (
			);
			dependencies = (
				8A48D3832830EC49009F746F /* PBXTargetDependency */,
			);
			name = WaasduUITests;
			productName = WaasduUITests;
			productReference = 8A0E36DA283395C600779321 /* WaasduUITests.xctest */;
			productType = "com.apple.product-type.bundle.ui-testing";
		};
		8AE95E18283261530035CCDB /* CoordinateTest */ = {
			isa = PBXNativeTarget;
			buildConfigurationList = 8AE95E1F283261530035CCDB /* Build configuration list for PBXNativeTarget "CoordinateTest" */;
			buildPhases = (
				8AE95E15283261530035CCDB /* Sources */,
				8AE95E16283261530035CCDB /* Frameworks */,
				8AE95E17283261530035CCDB /* Resources */,
			);
			buildRules = (
			);
			dependencies = (
			);
			name = CoordinateTest;
			productName = CoordinateTest;
			productReference = 8A0E36DB283395C600779321 /* CoordinateTest.xctest */;
			productType = "com.apple.product-type.bundle.unit-test";
		};
/* End PBXNativeTarget section */

/* Begin PBXProject section */
		8A48D3592830EC46009F746F /* Project object */ = {
			isa = PBXProject;
			attributes = {
				BuildIndependentTargetsInParallel = 1;
				LastSwiftUpdateCheck = 1330;
				LastUpgradeCheck = 1330;
				TargetAttributes = {
					8A48D3602830EC46009F746F = {
						CreatedOnToolsVersion = 13.3.1;
					};
					8A48D3762830EC49009F746F = {
						CreatedOnToolsVersion = 13.3.1;
						LastSwiftMigration = 1330;
						TestTargetID = 8A48D3602830EC46009F746F;
					};
					8A48D3802830EC49009F746F = {
						CreatedOnToolsVersion = 13.3.1;
						TestTargetID = 8A48D3602830EC46009F746F;
					};
					8AE95E18283261530035CCDB = {
						CreatedOnToolsVersion = 13.3.1;
					};
				};
			};
			buildConfigurationList = 8A48D35C2830EC46009F746F /* Build configuration list for PBXProject "Waasdu" */;
			compatibilityVersion = "Xcode 13.0";
			developmentRegion = en;
			hasScannedForEncodings = 0;
			knownRegions = (
				en,
				Base,
			);
			mainGroup = 8A48D3582830EC46009F746F;
			productRefGroup = 8A48D3582830EC46009F746F;
			projectDirPath = "";
			projectRoot = "";
			targets = (
				8A48D3602830EC46009F746F /* Waasdu */,
				8A48D3762830EC49009F746F /* WaasduTests */,
				8A48D3802830EC49009F746F /* WaasduUITests */,
				8AE95E18283261530035CCDB /* CoordinateTest */,
			);
		};
/* End PBXProject section */

/* Begin PBXResourcesBuildPhase section */
		8A48D35F2830EC46009F746F /* Resources */ = {
			isa = PBXResourcesBuildPhase;
			buildActionMask = 2147483647;
			files = (
				8A48D3712830EC49009F746F /* LaunchScreen.storyboard in Resources */,
				8A48D36E2830EC49009F746F /* Assets.xcassets in Resources */,
			);
			runOnlyForDeploymentPostprocessing = 0;
		};
		8A48D3752830EC49009F746F /* Resources */ = {
			isa = PBXResourcesBuildPhase;
			buildActionMask = 2147483647;
			files = (
			);
			runOnlyForDeploymentPostprocessing = 0;
		};
		8A48D37F2830EC49009F746F /* Resources */ = {
			isa = PBXResourcesBuildPhase;
			buildActionMask = 2147483647;
			files = (
			);
			runOnlyForDeploymentPostprocessing = 0;
		};
		8AE95E17283261530035CCDB /* Resources */ = {
			isa = PBXResourcesBuildPhase;
			buildActionMask = 2147483647;
			files = (
			);
			runOnlyForDeploymentPostprocessing = 0;
		};
/* End PBXResourcesBuildPhase section */

/* Begin PBXSourcesBuildPhase section */
		8A48D35D2830EC46009F746F /* Sources */ = {
			isa = PBXSourcesBuildPhase;
			buildActionMask = 2147483647;
			files = (
				8A3365952831362000F3955B /* NetworkManager.swift in Sources */,
				8A48D39F2830ECAC009F746F /* CoordinateViewController.swift in Sources */,
				8A3365932831360C00F3955B /* CoordinateModel.swift in Sources */,
				8A48D39B2830ECAC009F746F /* CoordinatePresenter.swift in Sources */,
				8A48D3652830EC46009F746F /* AppDelegate.swift in Sources */,
				8A48D3A02830ECAC009F746F /* CoordinateInteractor.swift in Sources */,
				8A48D3672830EC46009F746F /* SceneDelegate.swift in Sources */,
				8A48D39E2830ECAC009F746F /* CoordinateModels.swift in Sources */,
			);
			runOnlyForDeploymentPostprocessing = 0;
		};
		8A48D3732830EC49009F746F /* Sources */ = {
			isa = PBXSourcesBuildPhase;
			buildActionMask = 2147483647;
			files = (
				8AFE5EFE2833944C003D342B /* WassduTests.swift in Sources */,
			);
			runOnlyForDeploymentPostprocessing = 0;
		};
		8A48D37D2830EC49009F746F /* Sources */ = {
			isa = PBXSourcesBuildPhase;
			buildActionMask = 2147483647;
			files = (
				8A48D3862830EC49009F746F /* WaasduUITests.swift in Sources */,
				8A48D3882830EC49009F746F /* WaasduUITestsLaunchTests.swift in Sources */,
			);
			runOnlyForDeploymentPostprocessing = 0;
		};
		8AE95E15283261530035CCDB /* Sources */ = {
			isa = PBXSourcesBuildPhase;
			buildActionMask = 2147483647;
			files = (
			);
			runOnlyForDeploymentPostprocessing = 0;
		};
/* End PBXSourcesBuildPhase section */

/* Begin PBXTargetDependency section */
		8A48D3792830EC49009F746F /* PBXTargetDependency */ = {
			isa = PBXTargetDependency;
			target = 8A48D3602830EC46009F746F /* Waasdu */;
			targetProxy = 8A48D3782830EC49009F746F /* PBXContainerItemProxy */;
		};
		8A48D3832830EC49009F746F /* PBXTargetDependency */ = {
			isa = PBXTargetDependency;
			target = 8A48D3602830EC46009F746F /* Waasdu */;
			targetProxy = 8A48D3822830EC49009F746F /* PBXContainerItemProxy */;
		};
/* End PBXTargetDependency section */

/* Begin PBXVariantGroup section */
		8A48D36F2830EC49009F746F /* LaunchScreen.storyboard */ = {
			isa = PBXVariantGroup;
			children = (
				8A48D3702830EC49009F746F /* Base */,
			);
			name = LaunchScreen.storyboard;
			sourceTree = "<group>";
		};
/* End PBXVariantGroup section */

/* Begin XCBuildConfiguration section */
		8A48D3892830EC49009F746F /* Debug */ = {
			isa = XCBuildConfiguration;
			buildSettings = {
				ALWAYS_SEARCH_USER_PATHS = NO;
				CLANG_ANALYZER_NONNULL = YES;
				CLANG_ANALYZER_NUMBER_OBJECT_CONVERSION = YES_AGGRESSIVE;
				CLANG_CXX_LANGUAGE_STANDARD = "gnu++17";
				CLANG_ENABLE_MODULES = YES;
				CLANG_ENABLE_OBJC_ARC = YES;
				CLANG_ENABLE_OBJC_WEAK = YES;
				CLANG_WARN_BLOCK_CAPTURE_AUTORELEASING = YES;
				CLANG_WARN_BOOL_CONVERSION = YES;
				CLANG_WARN_COMMA = YES;
				CLANG_WARN_CONSTANT_CONVERSION = YES;
				CLANG_WARN_DEPRECATED_OBJC_IMPLEMENTATIONS = YES;
				CLANG_WARN_DIRECT_OBJC_ISA_USAGE = YES_ERROR;
				CLANG_WARN_DOCUMENTATION_COMMENTS = YES;
				CLANG_WARN_EMPTY_BODY = YES;
				CLANG_WARN_ENUM_CONVERSION = YES;
				CLANG_WARN_INFINITE_RECURSION = YES;
				CLANG_WARN_INT_CONVERSION = YES;
				CLANG_WARN_NON_LITERAL_NULL_CONVERSION = YES;
				CLANG_WARN_OBJC_IMPLICIT_RETAIN_SELF = YES;
				CLANG_WARN_OBJC_LITERAL_CONVERSION = YES;
				CLANG_WARN_OBJC_ROOT_CLASS = YES_ERROR;
				CLANG_WARN_QUOTED_INCLUDE_IN_FRAMEWORK_HEADER = YES;
				CLANG_WARN_RANGE_LOOP_ANALYSIS = YES;
				CLANG_WARN_STRICT_PROTOTYPES = YES;
				CLANG_WARN_SUSPICIOUS_MOVE = YES;
				CLANG_WARN_UNGUARDED_AVAILABILITY = YES_AGGRESSIVE;
				CLANG_WARN_UNREACHABLE_CODE = YES;
				CLANG_WARN__DUPLICATE_METHOD_MATCH = YES;
				COPY_PHASE_STRIP = NO;
				DEBUG_INFORMATION_FORMAT = dwarf;
				ENABLE_STRICT_OBJC_MSGSEND = YES;
				ENABLE_TESTABILITY = YES;
				GCC_C_LANGUAGE_STANDARD = gnu11;
				GCC_DYNAMIC_NO_PIC = NO;
				GCC_NO_COMMON_BLOCKS = YES;
				GCC_OPTIMIZATION_LEVEL = 0;
				GCC_PREPROCESSOR_DEFINITIONS = (
					"DEBUG=1",
					"$(inherited)",
				);
				GCC_WARN_64_TO_32_BIT_CONVERSION = YES;
				GCC_WARN_ABOUT_RETURN_TYPE = YES_ERROR;
				GCC_WARN_UNDECLARED_SELECTOR = YES;
				GCC_WARN_UNINITIALIZED_AUTOS = YES_AGGRESSIVE;
				GCC_WARN_UNUSED_FUNCTION = YES;
				GCC_WARN_UNUSED_VARIABLE = YES;
				IPHONEOS_DEPLOYMENT_TARGET = 15.4;
				MTL_ENABLE_DEBUG_INFO = INCLUDE_SOURCE;
				MTL_FAST_MATH = YES;
				ONLY_ACTIVE_ARCH = YES;
				SDKROOT = iphoneos;
				SWIFT_ACTIVE_COMPILATION_CONDITIONS = DEBUG;
				SWIFT_OPTIMIZATION_LEVEL = "-Onone";
			};
			name = Debug;
		};
		8A48D38A2830EC49009F746F /* Release */ = {
			isa = XCBuildConfiguration;
			buildSettings = {
				ALWAYS_SEARCH_USER_PATHS = NO;
				CLANG_ANALYZER_NONNULL = YES;
				CLANG_ANALYZER_NUMBER_OBJECT_CONVERSION = YES_AGGRESSIVE;
				CLANG_CXX_LANGUAGE_STANDARD = "gnu++17";
				CLANG_ENABLE_MODULES = YES;
				CLANG_ENABLE_OBJC_ARC = YES;
				CLANG_ENABLE_OBJC_WEAK = YES;
				CLANG_WARN_BLOCK_CAPTURE_AUTORELEASING = YES;
				CLANG_WARN_BOOL_CONVERSION = YES;
				CLANG_WARN_COMMA = YES;
				CLANG_WARN_CONSTANT_CONVERSION = YES;
				CLANG_WARN_DEPRECATED_OBJC_IMPLEMENTATIONS = YES;
				CLANG_WARN_DIRECT_OBJC_ISA_USAGE = YES_ERROR;
				CLANG_WARN_DOCUMENTATION_COMMENTS = YES;
				CLANG_WARN_EMPTY_BODY = YES;
				CLANG_WARN_ENUM_CONVERSION = YES;
				CLANG_WARN_INFINITE_RECURSION = YES;
				CLANG_WARN_INT_CONVERSION = YES;
				CLANG_WARN_NON_LITERAL_NULL_CONVERSION = YES;
				CLANG_WARN_OBJC_IMPLICIT_RETAIN_SELF = YES;
				CLANG_WARN_OBJC_LITERAL_CONVERSION = YES;
				CLANG_WARN_OBJC_ROOT_CLASS = YES_ERROR;
				CLANG_WARN_QUOTED_INCLUDE_IN_FRAMEWORK_HEADER = YES;
				CLANG_WARN_RANGE_LOOP_ANALYSIS = YES;
				CLANG_WARN_STRICT_PROTOTYPES = YES;
				CLANG_WARN_SUSPICIOUS_MOVE = YES;
				CLANG_WARN_UNGUARDED_AVAILABILITY = YES_AGGRESSIVE;
				CLANG_WARN_UNREACHABLE_CODE = YES;
				CLANG_WARN__DUPLICATE_METHOD_MATCH = YES;
				COPY_PHASE_STRIP = NO;
				DEBUG_INFORMATION_FORMAT = "dwarf-with-dsym";
				ENABLE_NS_ASSERTIONS = NO;
				ENABLE_STRICT_OBJC_MSGSEND = YES;
				GCC_C_LANGUAGE_STANDARD = gnu11;
				GCC_NO_COMMON_BLOCKS = YES;
				GCC_WARN_64_TO_32_BIT_CONVERSION = YES;
				GCC_WARN_ABOUT_RETURN_TYPE = YES_ERROR;
				GCC_WARN_UNDECLARED_SELECTOR = YES;
				GCC_WARN_UNINITIALIZED_AUTOS = YES_AGGRESSIVE;
				GCC_WARN_UNUSED_FUNCTION = YES;
				GCC_WARN_UNUSED_VARIABLE = YES;
				IPHONEOS_DEPLOYMENT_TARGET = 15.4;
				MTL_ENABLE_DEBUG_INFO = NO;
				MTL_FAST_MATH = YES;
				SDKROOT = iphoneos;
				SWIFT_COMPILATION_MODE = wholemodule;
				SWIFT_OPTIMIZATION_LEVEL = "-O";
				VALIDATE_PRODUCT = YES;
			};
			name = Release;
		};
		8A48D38C2830EC49009F746F /* Debug */ = {
			isa = XCBuildConfiguration;
			buildSettings = {
				ASSETCATALOG_COMPILER_APPICON_NAME = AppIcon;
				ASSETCATALOG_COMPILER_GLOBAL_ACCENT_COLOR_NAME = AccentColor;
				CODE_SIGN_IDENTITY = "Apple Development";
				CODE_SIGN_STYLE = Automatic;
				CURRENT_PROJECT_VERSION = 1;
				DEVELOPMENT_TEAM = 4A5GSXMSS8;
				GENERATE_INFOPLIST_FILE = YES;
				INFOPLIST_FILE = Waasdu/Info.plist;
				INFOPLIST_KEY_UIApplicationSupportsIndirectInputEvents = YES;
				INFOPLIST_KEY_UILaunchStoryboardName = LaunchScreen;
				INFOPLIST_KEY_UISupportedInterfaceOrientations_iPad = "UIInterfaceOrientationPortrait UIInterfaceOrientationPortraitUpsideDown UIInterfaceOrientationLandscapeLeft UIInterfaceOrientationLandscapeRight";
				INFOPLIST_KEY_UISupportedInterfaceOrientations_iPhone = "UIInterfaceOrientationPortrait UIInterfaceOrientationLandscapeLeft UIInterfaceOrientationLandscapeRight";
				IPHONEOS_DEPLOYMENT_TARGET = 13.0;
				LD_RUNPATH_SEARCH_PATHS = (
					"$(inherited)",
					"@executable_path/Frameworks",
				);
				MARKETING_VERSION = 1.0;
				PRODUCT_BUNDLE_IDENTIFIER = "-.Waasdu";
				PRODUCT_NAME = "$(TARGET_NAME)";
				PROVISIONING_PROFILE_SPECIFIER = "";
				SWIFT_EMIT_LOC_STRINGS = YES;
				SWIFT_VERSION = 5.0;
				TARGETED_DEVICE_FAMILY = 1;
			};
			name = Debug;
		};
		8A48D38D2830EC49009F746F /* Release */ = {
			isa = XCBuildConfiguration;
			buildSettings = {
				ASSETCATALOG_COMPILER_APPICON_NAME = AppIcon;
				ASSETCATALOG_COMPILER_GLOBAL_ACCENT_COLOR_NAME = AccentColor;
				CODE_SIGN_IDENTITY = "Apple Development";
				CODE_SIGN_STYLE = Automatic;
				CURRENT_PROJECT_VERSION = 1;
				DEVELOPMENT_TEAM = 4A5GSXMSS8;
				GENERATE_INFOPLIST_FILE = YES;
				INFOPLIST_FILE = Waasdu/Info.plist;
				INFOPLIST_KEY_UIApplicationSupportsIndirectInputEvents = YES;
				INFOPLIST_KEY_UILaunchStoryboardName = LaunchScreen;
				INFOPLIST_KEY_UISupportedInterfaceOrientations_iPad = "UIInterfaceOrientationPortrait UIInterfaceOrientationPortraitUpsideDown UIInterfaceOrientationLandscapeLeft UIInterfaceOrientationLandscapeRight";
				INFOPLIST_KEY_UISupportedInterfaceOrientations_iPhone = "UIInterfaceOrientationPortrait UIInterfaceOrientationLandscapeLeft UIInterfaceOrientationLandscapeRight";
				IPHONEOS_DEPLOYMENT_TARGET = 13.0;
				LD_RUNPATH_SEARCH_PATHS = (
					"$(inherited)",
					"@executable_path/Frameworks",
				);
				MARKETING_VERSION = 1.0;
				PRODUCT_BUNDLE_IDENTIFIER = "-.Waasdu";
				PRODUCT_NAME = "$(TARGET_NAME)";
				PROVISIONING_PROFILE_SPECIFIER = "";
				SWIFT_EMIT_LOC_STRINGS = YES;
				SWIFT_VERSION = 5.0;
				TARGETED_DEVICE_FAMILY = 1;
			};
			name = Release;
		};
		8A48D38F2830EC49009F746F /* Debug */ = {
			isa = XCBuildConfiguration;
			buildSettings = {
				ALWAYS_EMBED_SWIFT_STANDARD_LIBRARIES = YES;
				BUNDLE_LOADER = "$(TEST_HOST)";
				CLANG_ENABLE_MODULES = YES;
				CODE_SIGN_STYLE = Automatic;
				CURRENT_PROJECT_VERSION = 1;
				DEVELOPMENT_TEAM = 4A5GSXMSS8;
				GENERATE_INFOPLIST_FILE = YES;
				IPHONEOS_DEPLOYMENT_TARGET = 15.4;
				LD_RUNPATH_SEARCH_PATHS = (
					"$(inherited)",
					"@executable_path/Frameworks",
					"@loader_path/Frameworks",
				);
				MARKETING_VERSION = 1.0;
				PRODUCT_BUNDLE_IDENTIFIER = "-.WaasduTests";
				PRODUCT_NAME = "$(TARGET_NAME)";
				SWIFT_EMIT_LOC_STRINGS = NO;
				SWIFT_OPTIMIZATION_LEVEL = "-Onone";
				SWIFT_VERSION = 5.0;
				TARGETED_DEVICE_FAMILY = "1,2";
				TEST_HOST = "$(BUILT_PRODUCTS_DIR)/Waasdu.app/Waasdu";
			};
			name = Debug;
		};
		8A48D3902830EC49009F746F /* Release */ = {
			isa = XCBuildConfiguration;
			buildSettings = {
				ALWAYS_EMBED_SWIFT_STANDARD_LIBRARIES = YES;
				BUNDLE_LOADER = "$(TEST_HOST)";
				CLANG_ENABLE_MODULES = YES;
				CODE_SIGN_STYLE = Automatic;
				CURRENT_PROJECT_VERSION = 1;
				DEVELOPMENT_TEAM = 4A5GSXMSS8;
				GENERATE_INFOPLIST_FILE = YES;
				IPHONEOS_DEPLOYMENT_TARGET = 15.4;
				LD_RUNPATH_SEARCH_PATHS = (
					"$(inherited)",
					"@executable_path/Frameworks",
					"@loader_path/Frameworks",
				);
				MARKETING_VERSION = 1.0;
				PRODUCT_BUNDLE_IDENTIFIER = "-.WaasduTests";
				PRODUCT_NAME = "$(TARGET_NAME)";
				SWIFT_EMIT_LOC_STRINGS = NO;
				SWIFT_VERSION = 5.0;
				TARGETED_DEVICE_FAMILY = "1,2";
				TEST_HOST = "$(BUILT_PRODUCTS_DIR)/Waasdu.app/Waasdu";
			};
			name = Release;
		};
		8A48D3922830EC49009F746F /* Debug */ = {
			isa = XCBuildConfiguration;
			buildSettings = {
				ALWAYS_EMBED_SWIFT_STANDARD_LIBRARIES = YES;
				CODE_SIGN_STYLE = Automatic;
				CURRENT_PROJECT_VERSION = 1;
				DEVELOPMENT_TEAM = 4A5GSXMSS8;
				GENERATE_INFOPLIST_FILE = YES;
				MARKETING_VERSION = 1.0;
				PRODUCT_BUNDLE_IDENTIFIER = "-.WaasduUITests";
				PRODUCT_NAME = "$(TARGET_NAME)";
				SWIFT_EMIT_LOC_STRINGS = NO;
				SWIFT_VERSION = 5.0;
				TARGETED_DEVICE_FAMILY = "1,2";
				TEST_TARGET_NAME = Waasdu;
			};
			name = Debug;
		};
		8A48D3932830EC49009F746F /* Release */ = {
			isa = XCBuildConfiguration;
			buildSettings = {
				ALWAYS_EMBED_SWIFT_STANDARD_LIBRARIES = YES;
				CODE_SIGN_STYLE = Automatic;
				CURRENT_PROJECT_VERSION = 1;
				DEVELOPMENT_TEAM = 4A5GSXMSS8;
				GENERATE_INFOPLIST_FILE = YES;
				MARKETING_VERSION = 1.0;
				PRODUCT_BUNDLE_IDENTIFIER = "-.WaasduUITests";
				PRODUCT_NAME = "$(TARGET_NAME)";
				SWIFT_EMIT_LOC_STRINGS = NO;
				SWIFT_VERSION = 5.0;
				TARGETED_DEVICE_FAMILY = "1,2";
				TEST_TARGET_NAME = Waasdu;
			};
			name = Release;
		};
		8AE95E1D283261530035CCDB /* Debug */ = {
			isa = XCBuildConfiguration;
			buildSettings = {
				CODE_SIGN_STYLE = Automatic;
				CURRENT_PROJECT_VERSION = 1;
				DEVELOPMENT_TEAM = 4A5GSXMSS8;
				GENERATE_INFOPLIST_FILE = YES;
				MACOSX_DEPLOYMENT_TARGET = 12.3;
				MARKETING_VERSION = 1.0;
				PRODUCT_BUNDLE_IDENTIFIER = "-.CoordinateTest";
				PRODUCT_NAME = "$(TARGET_NAME)";
				SDKROOT = macosx;
				SWIFT_EMIT_LOC_STRINGS = NO;
				SWIFT_VERSION = 5.0;
			};
			name = Debug;
		};
		8AE95E1E283261530035CCDB /* Release */ = {
			isa = XCBuildConfiguration;
			buildSettings = {
				CODE_SIGN_STYLE = Automatic;
				CURRENT_PROJECT_VERSION = 1;
				DEVELOPMENT_TEAM = 4A5GSXMSS8;
				GENERATE_INFOPLIST_FILE = YES;
				MACOSX_DEPLOYMENT_TARGET = 12.3;
				MARKETING_VERSION = 1.0;
				PRODUCT_BUNDLE_IDENTIFIER = "-.CoordinateTest";
				PRODUCT_NAME = "$(TARGET_NAME)";
				SDKROOT = macosx;
				SWIFT_EMIT_LOC_STRINGS = NO;
				SWIFT_VERSION = 5.0;
			};
			name = Release;
		};
/* End XCBuildConfiguration section */

/* Begin XCConfigurationList section */
		8A48D35C2830EC46009F746F /* Build configuration list for PBXProject "Waasdu" */ = {
			isa = XCConfigurationList;
			buildConfigurations = (
				8A48D3892830EC49009F746F /* Debug */,
				8A48D38A2830EC49009F746F /* Release */,
			);
			defaultConfigurationIsVisible = 0;
			defaultConfigurationName = Release;
		};
		8A48D38B2830EC49009F746F /* Build configuration list for PBXNativeTarget "Waasdu" */ = {
			isa = XCConfigurationList;
			buildConfigurations = (
				8A48D38C2830EC49009F746F /* Debug */,
				8A48D38D2830EC49009F746F /* Release */,
			);
			defaultConfigurationIsVisible = 0;
			defaultConfigurationName = Release;
		};
		8A48D38E2830EC49009F746F /* Build configuration list for PBXNativeTarget "WaasduTests" */ = {
			isa = XCConfigurationList;
			buildConfigurations = (
				8A48D38F2830EC49009F746F /* Debug */,
				8A48D3902830EC49009F746F /* Release */,
			);
			defaultConfigurationIsVisible = 0;
			defaultConfigurationName = Release;
		};
		8A48D3912830EC49009F746F /* Build configuration list for PBXNativeTarget "WaasduUITests" */ = {
			isa = XCConfigurationList;
			buildConfigurations = (
				8A48D3922830EC49009F746F /* Debug */,
				8A48D3932830EC49009F746F /* Release */,
			);
			defaultConfigurationIsVisible = 0;
			defaultConfigurationName = Release;
		};
		8AE95E1F283261530035CCDB /* Build configuration list for PBXNativeTarget "CoordinateTest" */ = {
			isa = XCConfigurationList;
			buildConfigurations = (
				8AE95E1D283261530035CCDB /* Debug */,
				8AE95E1E283261530035CCDB /* Release */,
			);
			defaultConfigurationIsVisible = 0;
			defaultConfigurationName = Release;
		};
/* End XCConfigurationList section */
	};
	rootObject = 8A48D3592830EC46009F746F /* Project object */;
}
